
Microsoft Visual Studio Solution File, Format Version 12.00
# Visual Studio Version 17
VisualStudioVersion = 17.14.36623.8 d17.14
MinimumVisualStudioVersion = 10.0.40219.1
Project("{FAE04EC0-301F-11D3-BF4B-00C04F79EFBC}") = "RestaurantManagementProject", "RestaurantManagementProject\RestaurantManagementProject.csproj", "{C51114CE-5647-49DE-B04F-3A0D0CBB65A1}"
EndProject
Project("{FAE04EC0-301F-11D3-BF4B-00C04F79EFBC}") = "BusinessLogic", "BusinessLogic\BusinessLogic.csproj", "{260C363C-4EC5-4E26-88E3-6224CB228E40}"
EndProject
Project("{FAE04EC0-301F-11D3-BF4B-00C04F79EFBC}") = "DataAccess", "DataAccess\DataAccess.csproj", "{0B5AE50E-E9BB-447B-B621-71E4A1D049AB}"
EndProject
Global
	GlobalSection(SolutionConfigurationPlatforms) = preSolution
		Debug|Any CPU = Debug|Any CPU
		Release|Any CPU = Release|Any CPU
	EndGlobalSection
	GlobalSection(ProjectConfigurationPlatforms) = postSolution
		{C51114CE-5647-49DE-B04F-3A0D0CBB65A1}.Debug|Any CPU.ActiveCfg = Debug|Any CPU
		{C51114CE-5647-49DE-B04F-3A0D0CBB65A1}.Debug|Any CPU.Build.0 = Debug|Any CPU
		{C51114CE-5647-49DE-B04F-3A0D0CBB65A1}.Release|Any CPU.ActiveCfg = Release|Any CPU
		{C51114CE-5647-49DE-B04F-3A0D0CBB65A1}.Release|Any CPU.Build.0 = Release|Any CPU
		{260C363C-4EC5-4E26-88E3-6224CB228E40}.Debug|Any CPU.ActiveCfg = Debug|Any CPU
		{260C363C-4EC5-4E26-88E3-6224CB228E40}.Debug|Any CPU.Build.0 = Debug|Any CPU
		{260C363C-4EC5-4E26-88E3-6224CB228E40}.Release|Any CPU.ActiveCfg = Release|Any CPU
		{260C363C-4EC5-4E26-88E3-6224CB228E40}.Release|Any CPU.Build.0 = Release|Any CPU
		{0B5AE50E-E9BB-447B-B621-71E4A1D049AB}.Debug|Any CPU.ActiveCfg = Debug|Any CPU
		{0B5AE50E-E9BB-447B-B621-71E4A1D049AB}.Debug|Any CPU.Build.0 = Debug|Any CPU
		{0B5AE50E-E9BB-447B-B621-71E4A1D049AB}.Release|Any CPU.ActiveCfg = Release|Any CPU
		{0B5AE50E-E9BB-447B-B621-71E4A1D049AB}.Release|Any CPU.Build.0 = Release|Any CPU
	EndGlobalSection
	GlobalSection(SolutionProperties) = preSolution
		HideSolutionNode = FALSE
	EndGlobalSection
	GlobalSection(ExtensibilityGlobals) = postSolution
		SolutionGuid = {8E5DF722-0939-47DF-A658-2D01A9A5C43C}
	EndGlobalSection
EndGlobal
